
Microsoft Visual Studio Solution File, Format Version 11.00
# Visual Studio 2010
Project("{8BC9CEB8-8B4A-11D0-8D11-00A0C91BC942}") = "minisql", "minisql\minisql.vcxproj", "{0553E6BB-3634-4DB6-87EA-0078CBDB0EE9}"
EndProject
Project("{2150E333-8FDC-42A3-9474-1A3956D46DE8}") = "Solution Items", "Solution Items", "{55403035-39F5-4C16-9FF4-ECCE3290FAA5}"
	ProjectSection(SolutionItems) = preProject
		Local.testsettings = Local.testsettings
		minisql.vsmdi = minisql.vsmdi
		TraceAndTestImpact.testsettings = TraceAndTestImpact.testsettings
	EndProjectSection
EndProject
Global
	GlobalSection(TestCaseManagementSettings) = postSolution
		CategoryFile = minisql.vsmdi
	EndGlobalSection
	GlobalSection(SolutionConfigurationPlatforms) = preSolution
		Debug|Win32 = Debug|Win32
		Release|Win32 = Release|Win32
	EndGlobalSection
	GlobalSection(ProjectConfigurationPlatforms) = postSolution
		{0553E6BB-3634-4DB6-87EA-0078CBDB0EE9}.Debug|Win32.ActiveCfg = Debug|Win32
		{0553E6BB-3634-4DB6-87EA-0078CBDB0EE9}.Debug|Win32.Build.0 = Debug|Win32
		{0553E6BB-3634-4DB6-87EA-0078CBDB0EE9}.Release|Win32.ActiveCfg = Release|Win32
		{0553E6BB-3634-4DB6-87EA-0078CBDB0EE9}.Release|Win32.Build.0 = Release|Win32
	EndGlobalSection
	GlobalSection(SolutionProperties) = preSolution
		HideSolutionNode = FALSE
	EndGlobalSection
EndGlobal
